
Microsoft Visual Studio Solution File, Format Version 12.00
# Visual Studio 15
VisualStudioVersion = 15.0.26124.0
MinimumVisualStudioVersion = 15.0.26124.0
Project("{2150E333-8FDC-42A3-9474-1A3956D46DE8}") = "src", "src", "{ED2DF36C-265B-4B12-817B-15E2DF40898F}"
EndProject
Project("{FAE04EC0-301F-11D3-BF4B-00C04F79EFBC}") = "Clippy", "src\Clippy\Clippy.csproj", "{0486A863-59F9-4BCD-BD31-4ABE6DB5C8D2}"
EndProject
Project("{2150E333-8FDC-42A3-9474-1A3956D46DE8}") = "test", "test", "{C3241DCF-94B6-446D-BFE0-E2CD8BE0211E}"
EndProject
Project("{FAE04EC0-301F-11D3-BF4B-00C04F79EFBC}") = "Clippy.Tests", "test\Clippy.Tests\Clippy.Tests.csproj", "{71541685-FDEE-4E03-BC3C-C30A7F1EDA7D}"
EndProject
Global
	GlobalSection(SolutionConfigurationPlatforms) = preSolution
		Debug|Any CPU = Debug|Any CPU
		Debug|x64 = Debug|x64
		Debug|x86 = Debug|x86
		Release|Any CPU = Release|Any CPU
		Release|x64 = Release|x64
		Release|x86 = Release|x86
	EndGlobalSection
	GlobalSection(SolutionProperties) = preSolution
		HideSolutionNode = FALSE
	EndGlobalSection
	GlobalSection(ProjectConfigurationPlatforms) = postSolution
		{0486A863-59F9-4BCD-BD31-4ABE6DB5C8D2}.Debug|Any CPU.ActiveCfg = Debug|Any CPU
		{0486A863-59F9-4BCD-BD31-4ABE6DB5C8D2}.Debug|Any CPU.Build.0 = Debug|Any CPU
		{0486A863-59F9-4BCD-BD31-4ABE6DB5C8D2}.Debug|x64.ActiveCfg = Debug|Any CPU
		{0486A863-59F9-4BCD-BD31-4ABE6DB5C8D2}.Debug|x64.Build.0 = Debug|Any CPU
		{0486A863-59F9-4BCD-BD31-4ABE6DB5C8D2}.Debug|x86.ActiveCfg = Debug|Any CPU
		{0486A863-59F9-4BCD-BD31-4ABE6DB5C8D2}.Debug|x86.Build.0 = Debug|Any CPU
		{0486A863-59F9-4BCD-BD31-4ABE6DB5C8D2}.Release|Any CPU.ActiveCfg = Release|Any CPU
		{0486A863-59F9-4BCD-BD31-4ABE6DB5C8D2}.Release|Any CPU.Build.0 = Release|Any CPU
		{0486A863-59F9-4BCD-BD31-4ABE6DB5C8D2}.Release|x64.ActiveCfg = Release|Any CPU
		{0486A863-59F9-4BCD-BD31-4ABE6DB5C8D2}.Release|x64.Build.0 = Release|Any CPU
		{0486A863-59F9-4BCD-BD31-4ABE6DB5C8D2}.Release|x86.ActiveCfg = Release|Any CPU
		{0486A863-59F9-4BCD-BD31-4ABE6DB5C8D2}.Release|x86.Build.0 = Release|Any CPU
		{71541685-FDEE-4E03-BC3C-C30A7F1EDA7D}.Debug|Any CPU.ActiveCfg = Debug|Any CPU
		{71541685-FDEE-4E03-BC3C-C30A7F1EDA7D}.Debug|Any CPU.Build.0 = Debug|Any CPU
		{71541685-FDEE-4E03-BC3C-C30A7F1EDA7D}.Debug|x64.ActiveCfg = Debug|Any CPU
		{71541685-FDEE-4E03-BC3C-C30A7F1EDA7D}.Debug|x64.Build.0 = Debug|Any CPU
		{71541685-FDEE-4E03-BC3C-C30A7F1EDA7D}.Debug|x86.ActiveCfg = Debug|Any CPU
		{71541685-FDEE-4E03-BC3C-C30A7F1EDA7D}.Debug|x86.Build.0 = Debug|Any CPU
		{71541685-FDEE-4E03-BC3C-C30A7F1EDA7D}.Release|Any CPU.ActiveCfg = Release|Any CPU
		{71541685-FDEE-4E03-BC3C-C30A7F1EDA7D}.Release|Any CPU.Build.0 = Release|Any CPU
		{71541685-FDEE-4E03-BC3C-C30A7F1EDA7D}.Release|x64.ActiveCfg = Release|Any CPU
		{71541685-FDEE-4E03-BC3C-C30A7F1EDA7D}.Release|x64.Build.0 = Release|Any CPU
		{71541685-FDEE-4E03-BC3C-C30A7F1EDA7D}.Release|x86.ActiveCfg = Release|Any CPU
		{71541685-FDEE-4E03-BC3C-C30A7F1EDA7D}.Release|x86.Build.0 = Release|Any CPU
	EndGlobalSection
	GlobalSection(NestedProjects) = preSolution
		{0486A863-59F9-4BCD-BD31-4ABE6DB5C8D2} = {ED2DF36C-265B-4B12-817B-15E2DF40898F}
		{71541685-FDEE-4E03-BC3C-C30A7F1EDA7D} = {C3241DCF-94B6-446D-BFE0-E2CD8BE0211E}
	EndGlobalSection
EndGlobal
